<?xml version="1.0" encoding="utf-8"?>
<Project ToolsVersion="4.0" xmlns="http://schemas.microsoft.com/developer/msbuild/2003">
  <ItemGroup>
    <Filter Include="fpdfsdk">
      <UniqueIdentifier>{4D3CBC3E-EFFC-D6BF-E29F-1BE2F15D5C87}</UniqueIdentifier>
    </Filter>
    <Filter Include="fpdfsdk\include">
      <UniqueIdentifier>{57CA55B8-BCC5-4000-CE3A-58972F82E9CB}</UniqueIdentifier>
    </Filter>
    <Filter Include="fpdfsdk\include\formfiller">
      <UniqueIdentifier>{48E28747-EA05-B484-4CC9-EBD19AE72FD2}</UniqueIdentifier>
    </Filter>
    <Filter Include="fpdfsdk">
      <UniqueIdentifier>{4D3CBC3E-EFFC-D6BF-E29F-1BE2F15D5C87}</UniqueIdentifier>
    </Filter>
    <Filter Include="fpdfsdk\include">
      <UniqueIdentifier>{57CA55B8-BCC5-4000-CE3A-58972F82E9CB}</UniqueIdentifier>
    </Filter>
    <Filter Include="fpdfsdk\include\formfiller">
      <UniqueIdentifier>{48E28747-EA05-B484-4CC9-EBD19AE72FD2}</UniqueIdentifier>
    </Filter>
    <Filter Include="fpdfsdk">
      <UniqueIdentifier>{4D3CBC3E-EFFC-D6BF-E29F-1BE2F15D5C87}</UniqueIdentifier>
    </Filter>
    <Filter Include="fpdfsdk\include">
      <UniqueIdentifier>{57CA55B8-BCC5-4000-CE3A-58972F82E9CB}</UniqueIdentifier>
    </Filter>
    <Filter Include="fpdfsdk\include\formfiller">
      <UniqueIdentifier>{48E28747-EA05-B484-4CC9-EBD19AE72FD2}</UniqueIdentifier>
    </Filter>
    <Filter Include="fpdfsdk">
      <UniqueIdentifier>{4D3CBC3E-EFFC-D6BF-E29F-1BE2F15D5C87}</UniqueIdentifier>
    </Filter>
    <Filter Include="fpdfsdk\include">
      <UniqueIdentifier>{57CA55B8-BCC5-4000-CE3A-58972F82E9CB}</UniqueIdentifier>
    </Filter>
    <Filter Include="fpdfsdk\include\formfiller">
      <UniqueIdentifier>{48E28747-EA05-B484-4CC9-EBD19AE72FD2}</UniqueIdentifier>
    </Filter>
    <Filter Include="fpdfsdk">
      <UniqueIdentifier>{4D3CBC3E-EFFC-D6BF-E29F-1BE2F15D5C87}</UniqueIdentifier>
    </Filter>
    <Filter Include="fpdfsdk\include">
      <UniqueIdentifier>{57CA55B8-BCC5-4000-CE3A-58972F82E9CB}</UniqueIdentifier>
    </Filter>
    <Filter Include="fpdfsdk\include\formfiller">
      <UniqueIdentifier>{48E28747-EA05-B484-4CC9-EBD19AE72FD2}</UniqueIdentifier>
    </Filter>
    <Filter Include="fpdfsdk">
      <UniqueIdentifier>{4D3CBC3E-EFFC-D6BF-E29F-1BE2F15D5C87}</UniqueIdentifier>
    </Filter>
    <Filter Include="fpdfsdk\include">
      <UniqueIdentifier>{57CA55B8-BCC5-4000-CE3A-58972F82E9CB}</UniqueIdentifier>
    </Filter>
    <Filter Include="fpdfsdk\include\formfiller">
      <UniqueIdentifier>{48E28747-EA05-B484-4CC9-EBD19AE72FD2}</UniqueIdentifier>
    </Filter>
    <Filter Include="fpdfsdk">
      <UniqueIdentifier>{4D3CBC3E-EFFC-D6BF-E29F-1BE2F15D5C87}</UniqueIdentifier>
    </Filter>
    <Filter Include="fpdfsdk\include">
      <UniqueIdentifier>{57CA55B8-BCC5-4000-CE3A-58972F82E9CB}</UniqueIdentifier>
    </Filter>
    <Filter Include="fpdfsdk\include\formfiller">
      <UniqueIdentifier>{48E28747-EA05-B484-4CC9-EBD19AE72FD2}</UniqueIdentifier>
    </Filter>
    <Filter Include="fpdfsdk">
      <UniqueIdentifier>{4D3CBC3E-EFFC-D6BF-E29F-1BE2F15D5C87}</UniqueIdentifier>
    </Filter>
    <Filter Include="fpdfsdk\include">
      <UniqueIdentifier>{57CA55B8-BCC5-4000-CE3A-58972F82E9CB}</UniqueIdentifier>
    </Filter>
    <Filter Include="fpdfsdk\include\formfiller">
      <UniqueIdentifier>{48E28747-EA05-B484-4CC9-EBD19AE72FD2}</UniqueIdentifier>
    </Filter>
    <Filter Include="fpdfsdk">
      <UniqueIdentifier>{4D3CBC3E-EFFC-D6BF-E29F-1BE2F15D5C87}</UniqueIdentifier>
    </Filter>
    <Filter Include="fpdfsdk\include">
      <UniqueIdentifier>{57CA55B8-BCC5-4000-CE3A-58972F82E9CB}</UniqueIdentifier>
    </Filter>
    <Filter Include="fpdfsdk\include\formfiller">
      <UniqueIdentifier>{48E28747-EA05-B484-4CC9-EBD19AE72FD2}</UniqueIdentifier>
    </Filter>
    <Filter Include="fpdfsdk">
      <UniqueIdentifier>{4D3CBC3E-EFFC-D6BF-E29F-1BE2F15D5C87}</UniqueIdentifier>
    </Filter>
    <Filter Include="fpdfsdk\src">
      <UniqueIdentifier>{8CDEE807-BC53-E450-C8B8-4DEBB66742D4}</UniqueIdentifier>
    </Filter>
    <Filter Include="fpdfsdk\src\formfiller">
      <UniqueIdentifier>{48E28747-EA05-B484-4CC9-EBD19AE72FD2}</UniqueIdentifier>
    </Filter>
    <Filter Include="fpdfsdk">
      <UniqueIdentifier>{4D3CBC3E-EFFC-D6BF-E29F-1BE2F15D5C87}</UniqueIdentifier>
    </Filter>
    <Filter Include="fpdfsdk\src">
      <UniqueIdentifier>{8CDEE807-BC53-E450-C8B8-4DEBB66742D4}</UniqueIdentifier>
    </Filter>
    <Filter Include="fpdfsdk\src\formfiller">
      <UniqueIdentifier>{48E28747-EA05-B484-4CC9-EBD19AE72FD2}</UniqueIdentifier>
    </Filter>
    <Filter Include="fpdfsdk">
      <UniqueIdentifier>{4D3CBC3E-EFFC-D6BF-E29F-1BE2F15D5C87}</UniqueIdentifier>
    </Filter>
    <Filter Include="fpdfsdk\src">
      <UniqueIdentifier>{8CDEE807-BC53-E450-C8B8-4DEBB66742D4}</UniqueIdentifier>
    </Filter>
    <Filter Include="fpdfsdk\src\formfiller">
      <UniqueIdentifier>{48E28747-EA05-B484-4CC9-EBD19AE72FD2}</UniqueIdentifier>
    </Filter>
    <Filter Include="fpdfsdk">
      <UniqueIdentifier>{4D3CBC3E-EFFC-D6BF-E29F-1BE2F15D5C87}</UniqueIdentifier>
    </Filter>
    <Filter Include="fpdfsdk\src">
      <UniqueIdentifier>{8CDEE807-BC53-E450-C8B8-4DEBB66742D4}</UniqueIdentifier>
    </Filter>
    <Filter Include="fpdfsdk\src\formfiller">
      <UniqueIdentifier>{48E28747-EA05-B484-4CC9-EBD19AE72FD2}</UniqueIdentifier>
    </Filter>
    <Filter Include="fpdfsdk">
      <UniqueIdentifier>{4D3CBC3E-EFFC-D6BF-E29F-1BE2F15D5C87}</UniqueIdentifier>
    </Filter>
    <Filter Include="fpdfsdk\src">
      <UniqueIdentifier>{8CDEE807-BC53-E450-C8B8-4DEBB66742D4}</UniqueIdentifier>
    </Filter>
    <Filter Include="fpdfsdk\src\formfiller">
      <UniqueIdentifier>{48E28747-EA05-B484-4CC9-EBD19AE72FD2}</UniqueIdentifier>
    </Filter>
    <Filter Include="fpdfsdk">
      <UniqueIdentifier>{4D3CBC3E-EFFC-D6BF-E29F-1BE2F15D5C87}</UniqueIdentifier>
    </Filter>
    <Filter Include="fpdfsdk\src">
      <UniqueIdentifier>{8CDEE807-BC53-E450-C8B8-4DEBB66742D4}</UniqueIdentifier>
    </Filter>
    <Filter Include="fpdfsdk\src\formfiller">
      <UniqueIdentifier>{48E28747-EA05-B484-4CC9-EBD19AE72FD2}</UniqueIdentifier>
    </Filter>
    <Filter Include="fpdfsdk">
      <UniqueIdentifier>{4D3CBC3E-EFFC-D6BF-E29F-1BE2F15D5C87}</UniqueIdentifier>
    </Filter>
    <Filter Include="fpdfsdk\src">
      <UniqueIdentifier>{8CDEE807-BC53-E450-C8B8-4DEBB66742D4}</UniqueIdentifier>
    </Filter>
    <Filter Include="fpdfsdk\src\formfiller">
      <UniqueIdentifier>{48E28747-EA05-B484-4CC9-EBD19AE72FD2}</UniqueIdentifier>
    </Filter>
    <Filter Include="fpdfsdk">
      <UniqueIdentifier>{4D3CBC3E-EFFC-D6BF-E29F-1BE2F15D5C87}</UniqueIdentifier>
    </Filter>
    <Filter Include="fpdfsdk\src">
      <UniqueIdentifier>{8CDEE807-BC53-E450-C8B8-4DEBB66742D4}</UniqueIdentifier>
    </Filter>
    <Filter Include="fpdfsdk\src\formfiller">
      <UniqueIdentifier>{48E28747-EA05-B484-4CC9-EBD19AE72FD2}</UniqueIdentifier>
    </Filter>
    <Filter Include="fpdfsdk">
      <UniqueIdentifier>{4D3CBC3E-EFFC-D6BF-E29F-1BE2F15D5C87}</UniqueIdentifier>
    </Filter>
    <Filter Include="fpdfsdk\src">
      <UniqueIdentifier>{8CDEE807-BC53-E450-C8B8-4DEBB66742D4}</UniqueIdentifier>
    </Filter>
    <Filter Include="fpdfsdk\src\formfiller">
      <UniqueIdentifier>{48E28747-EA05-B484-4CC9-EBD19AE72FD2}</UniqueIdentifier>
    </Filter>
  </ItemGroup>
  <ItemGroup>
    <ClInclude Include="fpdfsdk\include\formfiller\FFL_CBA_Fontmap.h">
      <Filter>fpdfsdk\include\formfiller</Filter>
    </ClInclude>
    <ClInclude Include="fpdfsdk\include\formfiller\FFL_CheckBox.h">
      <Filter>fpdfsdk\include\formfiller</Filter>
    </ClInclude>
    <ClInclude Include="fpdfsdk\include\formfiller\FFL_ComboBox.h">
      <Filter>fpdfsdk\include\formfiller</Filter>
    </ClInclude>
    <ClInclude Include="fpdfsdk\include\formfiller\FFL_FormFiller.h">
      <Filter>fpdfsdk\include\formfiller</Filter>
    </ClInclude>
    <ClInclude Include="fpdfsdk\include\formfiller\FFL_IFormFiller.h">
      <Filter>fpdfsdk\include\formfiller</Filter>
    </ClInclude>
    <ClInclude Include="fpdfsdk\include\formfiller\FFL_ListBox.h">
      <Filter>fpdfsdk\include\formfiller</Filter>
    </ClInclude>
    <ClInclude Include="fpdfsdk\include\formfiller\FFL_PushButton.h">
      <Filter>fpdfsdk\include\formfiller</Filter>
    </ClInclude>
    <ClInclude Include="fpdfsdk\include\formfiller\FFL_RadioButton.h">
      <Filter>fpdfsdk\include\formfiller</Filter>
    </ClInclude>
    <ClInclude Include="fpdfsdk\include\formfiller\FFL_TextField.h">
      <Filter>fpdfsdk\include\formfiller</Filter>
    </ClInclude>
    <ClCompile Include="fpdfsdk\src\formfiller\FFL_CBA_Fontmap.cpp">
      <Filter>fpdfsdk\src\formfiller</Filter>
    </ClCompile>
    <ClCompile Include="fpdfsdk\src\formfiller\FFL_CheckBox.cpp">
      <Filter>fpdfsdk\src\formfiller</Filter>
    </ClCompile>
    <ClCompile Include="fpdfsdk\src\formfiller\FFL_ComboBox.cpp">
      <Filter>fpdfsdk\src\formfiller</Filter>
    </ClCompile>
    <ClCompile Include="fpdfsdk\src\formfiller\FFL_FormFiller.cpp">
      <Filter>fpdfsdk\src\formfiller</Filter>
    </ClCompile>
    <ClCompile Include="fpdfsdk\src\formfiller\FFL_IFormFiller.cpp">
      <Filter>fpdfsdk\src\formfiller</Filter>
    </ClCompile>
    <ClCompile Include="fpdfsdk\src\formfiller\FFL_ListBox.cpp">
      <Filter>fpdfsdk\src\formfiller</Filter>
    </ClCompile>
    <ClCompile Include="fpdfsdk\src\formfiller\FFL_PushButton.cpp">
      <Filter>fpdfsdk\src\formfiller</Filter>
    </ClCompile>
    <ClCompile Include="fpdfsdk\src\formfiller\FFL_RadioButton.cpp">
      <Filter>fpdfsdk\src\formfiller</Filter>
    </ClCompile>
    <ClCompile Include="fpdfsdk\src\formfiller\FFL_TextField.cpp">
      <Filter>fpdfsdk\src\formfiller</Filter>
    </ClCompile>
    <None Include="pdfium.gyp"/>
  </ItemGroup>
</Project>
