<?xml version="1.0" encoding="utf-8"?>
<Project ToolsVersion="4.0" xmlns="http://schemas.microsoft.com/developer/msbuild/2003">
  <ItemGroup>
    <Filter Include="fpdfsdk">
      <UniqueIdentifier>{4D3CBC3E-EFFC-D6BF-E29F-1BE2F15D5C87}</UniqueIdentifier>
    </Filter>
    <Filter Include="fpdfsdk\src">
      <UniqueIdentifier>{8CDEE807-BC53-E450-C8B8-4DEBB66742D4}</UniqueIdentifier>
    </Filter>
    <Filter Include="fpdfsdk\src\fpdfxfa">
      <UniqueIdentifier>{9E1D5417-35DB-11C8-2A53-421D04847767}</UniqueIdentifier>
    </Filter>
    <Filter Include="fpdfsdk">
      <UniqueIdentifier>{4D3CBC3E-EFFC-D6BF-E29F-1BE2F15D5C87}</UniqueIdentifier>
    </Filter>
    <Filter Include="fpdfsdk\src">
      <UniqueIdentifier>{8CDEE807-BC53-E450-C8B8-4DEBB66742D4}</UniqueIdentifier>
    </Filter>
    <Filter Include="fpdfsdk\src\fpdfxfa">
      <UniqueIdentifier>{9E1D5417-35DB-11C8-2A53-421D04847767}</UniqueIdentifier>
    </Filter>
    <Filter Include="fpdfsdk">
      <UniqueIdentifier>{4D3CBC3E-EFFC-D6BF-E29F-1BE2F15D5C87}</UniqueIdentifier>
    </Filter>
    <Filter Include="fpdfsdk\src">
      <UniqueIdentifier>{8CDEE807-BC53-E450-C8B8-4DEBB66742D4}</UniqueIdentifier>
    </Filter>
    <Filter Include="fpdfsdk\src\fpdfxfa">
      <UniqueIdentifier>{9E1D5417-35DB-11C8-2A53-421D04847767}</UniqueIdentifier>
    </Filter>
    <Filter Include="fpdfsdk">
      <UniqueIdentifier>{4D3CBC3E-EFFC-D6BF-E29F-1BE2F15D5C87}</UniqueIdentifier>
    </Filter>
    <Filter Include="fpdfsdk\src">
      <UniqueIdentifier>{8CDEE807-BC53-E450-C8B8-4DEBB66742D4}</UniqueIdentifier>
    </Filter>
    <Filter Include="fpdfsdk\src\fpdfxfa">
      <UniqueIdentifier>{9E1D5417-35DB-11C8-2A53-421D04847767}</UniqueIdentifier>
    </Filter>
    <Filter Include="fpdfsdk">
      <UniqueIdentifier>{4D3CBC3E-EFFC-D6BF-E29F-1BE2F15D5C87}</UniqueIdentifier>
    </Filter>
    <Filter Include="fpdfsdk\include">
      <UniqueIdentifier>{57CA55B8-BCC5-4000-CE3A-58972F82E9CB}</UniqueIdentifier>
    </Filter>
    <Filter Include="fpdfsdk\include\fpdfxfa">
      <UniqueIdentifier>{9E1D5417-35DB-11C8-2A53-421D04847767}</UniqueIdentifier>
    </Filter>
    <Filter Include="fpdfsdk">
      <UniqueIdentifier>{4D3CBC3E-EFFC-D6BF-E29F-1BE2F15D5C87}</UniqueIdentifier>
    </Filter>
    <Filter Include="fpdfsdk\include">
      <UniqueIdentifier>{57CA55B8-BCC5-4000-CE3A-58972F82E9CB}</UniqueIdentifier>
    </Filter>
    <Filter Include="fpdfsdk\include\fpdfxfa">
      <UniqueIdentifier>{9E1D5417-35DB-11C8-2A53-421D04847767}</UniqueIdentifier>
    </Filter>
    <Filter Include="fpdfsdk">
      <UniqueIdentifier>{4D3CBC3E-EFFC-D6BF-E29F-1BE2F15D5C87}</UniqueIdentifier>
    </Filter>
    <Filter Include="fpdfsdk\include">
      <UniqueIdentifier>{57CA55B8-BCC5-4000-CE3A-58972F82E9CB}</UniqueIdentifier>
    </Filter>
    <Filter Include="fpdfsdk\include\fpdfxfa">
      <UniqueIdentifier>{9E1D5417-35DB-11C8-2A53-421D04847767}</UniqueIdentifier>
    </Filter>
    <Filter Include="fpdfsdk">
      <UniqueIdentifier>{4D3CBC3E-EFFC-D6BF-E29F-1BE2F15D5C87}</UniqueIdentifier>
    </Filter>
    <Filter Include="fpdfsdk\include">
      <UniqueIdentifier>{57CA55B8-BCC5-4000-CE3A-58972F82E9CB}</UniqueIdentifier>
    </Filter>
    <Filter Include="fpdfsdk\include\fpdfxfa">
      <UniqueIdentifier>{9E1D5417-35DB-11C8-2A53-421D04847767}</UniqueIdentifier>
    </Filter>
  </ItemGroup>
  <ItemGroup>
    <ClCompile Include="fpdfsdk\src\fpdfxfa\fpdfxfa_app.cpp">
      <Filter>fpdfsdk\src\fpdfxfa</Filter>
    </ClCompile>
    <ClCompile Include="fpdfsdk\src\fpdfxfa\fpdfxfa_doc.cpp">
      <Filter>fpdfsdk\src\fpdfxfa</Filter>
    </ClCompile>
    <ClCompile Include="fpdfsdk\src\fpdfxfa\fpdfxfa_page.cpp">
      <Filter>fpdfsdk\src\fpdfxfa</Filter>
    </ClCompile>
    <ClCompile Include="fpdfsdk\src\fpdfxfa\fpdfxfa_util.cpp">
      <Filter>fpdfsdk\src\fpdfxfa</Filter>
    </ClCompile>
    <ClInclude Include="fpdfsdk\include\fpdfxfa\fpdfxfa_app.h">
      <Filter>fpdfsdk\include\fpdfxfa</Filter>
    </ClInclude>
    <ClInclude Include="fpdfsdk\include\fpdfxfa\fpdfxfa_doc.h">
      <Filter>fpdfsdk\include\fpdfxfa</Filter>
    </ClInclude>
    <ClInclude Include="fpdfsdk\include\fpdfxfa\fpdfxfa_page.h">
      <Filter>fpdfsdk\include\fpdfxfa</Filter>
    </ClInclude>
    <ClInclude Include="fpdfsdk\include\fpdfxfa\fpdfxfa_util.h">
      <Filter>fpdfsdk\include\fpdfxfa</Filter>
    </ClInclude>
    <None Include="pdfium.gyp"/>
  </ItemGroup>
</Project>
