<?xml version="1.0" encoding="utf-8"?>
<Project ToolsVersion="4.0" xmlns="http://schemas.microsoft.com/developer/msbuild/2003">
  <ItemGroup>
    <Filter Include="core">
      <UniqueIdentifier>{16178836-FF57-2363-AA2B-8BAC1DC00026}</UniqueIdentifier>
    </Filter>
    <Filter Include="core\src">
      <UniqueIdentifier>{8CDEE807-BC53-E450-C8B8-4DEBB66742D4}</UniqueIdentifier>
    </Filter>
    <Filter Include="core\src\fpdfapi">
      <UniqueIdentifier>{B0072BF7-31F2-80C6-8CAF-75C8BB0DCADD}</UniqueIdentifier>
    </Filter>
    <Filter Include="core\src\fpdfapi\fpdf_font">
      <UniqueIdentifier>{4833D42F-DA8E-64E9-3EE4-52218094C7EB}</UniqueIdentifier>
    </Filter>
    <Filter Include="core">
      <UniqueIdentifier>{16178836-FF57-2363-AA2B-8BAC1DC00026}</UniqueIdentifier>
    </Filter>
    <Filter Include="core\src">
      <UniqueIdentifier>{8CDEE807-BC53-E450-C8B8-4DEBB66742D4}</UniqueIdentifier>
    </Filter>
    <Filter Include="core\src\fpdfapi">
      <UniqueIdentifier>{B0072BF7-31F2-80C6-8CAF-75C8BB0DCADD}</UniqueIdentifier>
    </Filter>
    <Filter Include="core\src\fpdfapi\fpdf_font">
      <UniqueIdentifier>{4833D42F-DA8E-64E9-3EE4-52218094C7EB}</UniqueIdentifier>
    </Filter>
    <Filter Include="core">
      <UniqueIdentifier>{16178836-FF57-2363-AA2B-8BAC1DC00026}</UniqueIdentifier>
    </Filter>
    <Filter Include="core\src">
      <UniqueIdentifier>{8CDEE807-BC53-E450-C8B8-4DEBB66742D4}</UniqueIdentifier>
    </Filter>
    <Filter Include="core\src\fpdfapi">
      <UniqueIdentifier>{B0072BF7-31F2-80C6-8CAF-75C8BB0DCADD}</UniqueIdentifier>
    </Filter>
    <Filter Include="core\src\fpdfapi\fpdf_page">
      <UniqueIdentifier>{72242711-B80A-7615-311F-CD3828934F36}</UniqueIdentifier>
    </Filter>
    <Filter Include="core">
      <UniqueIdentifier>{16178836-FF57-2363-AA2B-8BAC1DC00026}</UniqueIdentifier>
    </Filter>
    <Filter Include="core\src">
      <UniqueIdentifier>{8CDEE807-BC53-E450-C8B8-4DEBB66742D4}</UniqueIdentifier>
    </Filter>
    <Filter Include="core\src\fpdfapi">
      <UniqueIdentifier>{B0072BF7-31F2-80C6-8CAF-75C8BB0DCADD}</UniqueIdentifier>
    </Filter>
    <Filter Include="core\src\fpdfapi\fpdf_parser">
      <UniqueIdentifier>{419F521D-82C9-6172-3996-FF2EBEEF9EBE}</UniqueIdentifier>
    </Filter>
    <Filter Include="core">
      <UniqueIdentifier>{16178836-FF57-2363-AA2B-8BAC1DC00026}</UniqueIdentifier>
    </Filter>
    <Filter Include="core\src">
      <UniqueIdentifier>{8CDEE807-BC53-E450-C8B8-4DEBB66742D4}</UniqueIdentifier>
    </Filter>
    <Filter Include="core\src\fpdfapi">
      <UniqueIdentifier>{B0072BF7-31F2-80C6-8CAF-75C8BB0DCADD}</UniqueIdentifier>
    </Filter>
    <Filter Include="core\src\fpdfapi\fpdf_parser">
      <UniqueIdentifier>{419F521D-82C9-6172-3996-FF2EBEEF9EBE}</UniqueIdentifier>
    </Filter>
    <Filter Include="core">
      <UniqueIdentifier>{16178836-FF57-2363-AA2B-8BAC1DC00026}</UniqueIdentifier>
    </Filter>
    <Filter Include="core\src">
      <UniqueIdentifier>{8CDEE807-BC53-E450-C8B8-4DEBB66742D4}</UniqueIdentifier>
    </Filter>
    <Filter Include="core\src\fpdftext">
      <UniqueIdentifier>{4090763A-3509-B5C9-6BB2-5CF3F05F7D35}</UniqueIdentifier>
    </Filter>
    <Filter Include="core">
      <UniqueIdentifier>{16178836-FF57-2363-AA2B-8BAC1DC00026}</UniqueIdentifier>
    </Filter>
    <Filter Include="core\src">
      <UniqueIdentifier>{8CDEE807-BC53-E450-C8B8-4DEBB66742D4}</UniqueIdentifier>
    </Filter>
    <Filter Include="core\src\fxcodec">
      <UniqueIdentifier>{428B2E5F-1DAE-7DA6-F62E-E276C66156EC}</UniqueIdentifier>
    </Filter>
    <Filter Include="core\src\fxcodec\codec">
      <UniqueIdentifier>{4A6C5824-2193-E513-3482-6EEFAD121845}</UniqueIdentifier>
    </Filter>
    <Filter Include="core">
      <UniqueIdentifier>{16178836-FF57-2363-AA2B-8BAC1DC00026}</UniqueIdentifier>
    </Filter>
    <Filter Include="core\src">
      <UniqueIdentifier>{8CDEE807-BC53-E450-C8B8-4DEBB66742D4}</UniqueIdentifier>
    </Filter>
    <Filter Include="core\src\fxcrt">
      <UniqueIdentifier>{20792A89-3563-6773-3CA1-1A7027632A95}</UniqueIdentifier>
    </Filter>
    <Filter Include="core">
      <UniqueIdentifier>{16178836-FF57-2363-AA2B-8BAC1DC00026}</UniqueIdentifier>
    </Filter>
    <Filter Include="core\src">
      <UniqueIdentifier>{8CDEE807-BC53-E450-C8B8-4DEBB66742D4}</UniqueIdentifier>
    </Filter>
    <Filter Include="core\src\fxcrt">
      <UniqueIdentifier>{20792A89-3563-6773-3CA1-1A7027632A95}</UniqueIdentifier>
    </Filter>
    <Filter Include="core">
      <UniqueIdentifier>{16178836-FF57-2363-AA2B-8BAC1DC00026}</UniqueIdentifier>
    </Filter>
    <Filter Include="core\src">
      <UniqueIdentifier>{8CDEE807-BC53-E450-C8B8-4DEBB66742D4}</UniqueIdentifier>
    </Filter>
    <Filter Include="core\src\fxcrt">
      <UniqueIdentifier>{20792A89-3563-6773-3CA1-1A7027632A95}</UniqueIdentifier>
    </Filter>
    <Filter Include="core">
      <UniqueIdentifier>{16178836-FF57-2363-AA2B-8BAC1DC00026}</UniqueIdentifier>
    </Filter>
    <Filter Include="core\src">
      <UniqueIdentifier>{8CDEE807-BC53-E450-C8B8-4DEBB66742D4}</UniqueIdentifier>
    </Filter>
    <Filter Include="core\src\fxcrt">
      <UniqueIdentifier>{20792A89-3563-6773-3CA1-1A7027632A95}</UniqueIdentifier>
    </Filter>
    <Filter Include="core">
      <UniqueIdentifier>{16178836-FF57-2363-AA2B-8BAC1DC00026}</UniqueIdentifier>
    </Filter>
    <Filter Include="core\src">
      <UniqueIdentifier>{8CDEE807-BC53-E450-C8B8-4DEBB66742D4}</UniqueIdentifier>
    </Filter>
    <Filter Include="core\src\fxcrt">
      <UniqueIdentifier>{20792A89-3563-6773-3CA1-1A7027632A95}</UniqueIdentifier>
    </Filter>
    <Filter Include="core">
      <UniqueIdentifier>{16178836-FF57-2363-AA2B-8BAC1DC00026}</UniqueIdentifier>
    </Filter>
    <Filter Include="core\src">
      <UniqueIdentifier>{8CDEE807-BC53-E450-C8B8-4DEBB66742D4}</UniqueIdentifier>
    </Filter>
    <Filter Include="core\src\fxcrt">
      <UniqueIdentifier>{20792A89-3563-6773-3CA1-1A7027632A95}</UniqueIdentifier>
    </Filter>
    <Filter Include="testing">
      <UniqueIdentifier>{681E52FB-4BB5-C8E2-1D1A-B7C4F2495A5E}</UniqueIdentifier>
    </Filter>
    <Filter Include="testing">
      <UniqueIdentifier>{681E52FB-4BB5-C8E2-1D1A-B7C4F2495A5E}</UniqueIdentifier>
    </Filter>
  </ItemGroup>
  <ItemGroup>
    <ClCompile Include="core\src\fpdfapi\fpdf_font\fpdf_font_cid_unittest.cpp">
      <Filter>core\src\fpdfapi\fpdf_font</Filter>
    </ClCompile>
    <ClCompile Include="core\src\fpdfapi\fpdf_font\fpdf_font_unittest.cpp">
      <Filter>core\src\fpdfapi\fpdf_font</Filter>
    </ClCompile>
    <ClCompile Include="core\src\fpdfapi\fpdf_page\fpdf_page_parser_old_unittest.cpp">
      <Filter>core\src\fpdfapi\fpdf_page</Filter>
    </ClCompile>
    <ClCompile Include="core\src\fpdfapi\fpdf_parser\fpdf_parser_decode_unittest.cpp">
      <Filter>core\src\fpdfapi\fpdf_parser</Filter>
    </ClCompile>
    <ClCompile Include="core\src\fpdfapi\fpdf_parser\fpdf_parser_parser_unittest.cpp">
      <Filter>core\src\fpdfapi\fpdf_parser</Filter>
    </ClCompile>
    <ClCompile Include="core\src\fpdftext\fpdf_text_int_unittest.cpp">
      <Filter>core\src\fpdftext</Filter>
    </ClCompile>
    <ClCompile Include="core\src\fxcodec\codec\fx_codec_jpx_unittest.cpp">
      <Filter>core\src\fxcodec\codec</Filter>
    </ClCompile>
    <ClCompile Include="core\src\fxcrt\fx_basic_bstring_unittest.cpp">
      <Filter>core\src\fxcrt</Filter>
    </ClCompile>
    <ClCompile Include="core\src\fxcrt\fx_basic_memmgr_unittest.cpp">
      <Filter>core\src\fxcrt</Filter>
    </ClCompile>
    <ClCompile Include="core\src\fxcrt\fx_basic_wstring_unittest.cpp">
      <Filter>core\src\fxcrt</Filter>
    </ClCompile>
    <ClCompile Include="core\src\fxcrt\fx_bidi_unittest.cpp">
      <Filter>core\src\fxcrt</Filter>
    </ClCompile>
    <ClCompile Include="core\src\fxcrt\fx_extension_unittest.cpp">
      <Filter>core\src\fxcrt</Filter>
    </ClCompile>
    <ClCompile Include="core\src\fxcrt\fx_system_unittest.cpp">
      <Filter>core\src\fxcrt</Filter>
    </ClCompile>
    <ClInclude Include="testing\fx_string_testhelpers.h">
      <Filter>testing</Filter>
    </ClInclude>
    <ClCompile Include="testing\fx_string_testhelpers.cpp">
      <Filter>testing</Filter>
    </ClCompile>
    <None Include="pdfium.gyp"/>
  </ItemGroup>
</Project>
