<?xml version="1.0" encoding="utf-8"?>
<Project ToolsVersion="4.0" xmlns="http://schemas.microsoft.com/developer/msbuild/2003">
  <ItemGroup>
    <Filter Include="testing">
      <UniqueIdentifier>{681E52FB-4BB5-C8E2-1D1A-B7C4F2495A5E}</UniqueIdentifier>
    </Filter>
    <Filter Include="testing">
      <UniqueIdentifier>{681E52FB-4BB5-C8E2-1D1A-B7C4F2495A5E}</UniqueIdentifier>
    </Filter>
    <Filter Include="testing">
      <UniqueIdentifier>{681E52FB-4BB5-C8E2-1D1A-B7C4F2495A5E}</UniqueIdentifier>
    </Filter>
    <Filter Include="testing">
      <UniqueIdentifier>{681E52FB-4BB5-C8E2-1D1A-B7C4F2495A5E}</UniqueIdentifier>
    </Filter>
    <Filter Include="testing">
      <UniqueIdentifier>{681E52FB-4BB5-C8E2-1D1A-B7C4F2495A5E}</UniqueIdentifier>
    </Filter>
    <Filter Include="testing\utils">
      <UniqueIdentifier>{742E9A0E-D1B0-643D-E893-71064FFA2C51}</UniqueIdentifier>
    </Filter>
  </ItemGroup>
  <ItemGroup>
    <ClCompile Include="testing\fx_string_testhelpers.cpp">
      <Filter>testing</Filter>
    </ClCompile>
    <ClInclude Include="testing\fx_string_testhelpers.h">
      <Filter>testing</Filter>
    </ClInclude>
    <ClCompile Include="testing\test_support.cpp">
      <Filter>testing</Filter>
    </ClCompile>
    <ClInclude Include="testing\test_support.h">
      <Filter>testing</Filter>
    </ClInclude>
    <ClCompile Include="testing\utils\path_service.cpp">
      <Filter>testing\utils</Filter>
    </ClCompile>
    <None Include="pdfium.gyp"/>
  </ItemGroup>
</Project>
